
Microsoft Visual Studio Solution File, Format Version 12.00
# Visual Studio 2012
Project("{FAE04EC0-301F-11D3-BF4B-00C04F79EFBC}") = "TestRegex", "TestRegex\TestRegex.csproj", "{1A40DFA6-3991-4019-BD34-A049F6078477}"
EndProject
Project("{FAE04EC0-301F-11D3-BF4B-00C04F79EFBC}") = "RegexHandling", "RegexHandling\RegexHandling.csproj", "{E2FAED32-3C5E-4D73-AB93-0BDA7392DC85}"
EndProject
Project("{FAE04EC0-301F-11D3-BF4B-00C04F79EFBC}") = "ValueConverters", "ValueConverters\ValueConverters.csproj", "{A84A0111-3BE9-4D9A-B3CD-ADC39B5EB71C}"
EndProject
Project("{FAE04EC0-301F-11D3-BF4B-00C04F79EFBC}") = "MarkupExtensions", "MarkupExtensions\MarkupExtensions.csproj", "{3EC2A143-37F4-495A-B897-2EC09C447ECD}"
EndProject
Global
	GlobalSection(SolutionConfigurationPlatforms) = preSolution
		Debug|Any CPU = Debug|Any CPU
		Release|Any CPU = Release|Any CPU
	EndGlobalSection
	GlobalSection(ProjectConfigurationPlatforms) = postSolution
		{1A40DFA6-3991-4019-BD34-A049F6078477}.Debug|Any CPU.ActiveCfg = Debug|Any CPU
		{1A40DFA6-3991-4019-BD34-A049F6078477}.Debug|Any CPU.Build.0 = Debug|Any CPU
		{1A40DFA6-3991-4019-BD34-A049F6078477}.Release|Any CPU.ActiveCfg = Release|Any CPU
		{1A40DFA6-3991-4019-BD34-A049F6078477}.Release|Any CPU.Build.0 = Release|Any CPU
		{E2FAED32-3C5E-4D73-AB93-0BDA7392DC85}.Debug|Any CPU.ActiveCfg = Debug|Any CPU
		{E2FAED32-3C5E-4D73-AB93-0BDA7392DC85}.Debug|Any CPU.Build.0 = Debug|Any CPU
		{E2FAED32-3C5E-4D73-AB93-0BDA7392DC85}.Release|Any CPU.ActiveCfg = Release|Any CPU
		{E2FAED32-3C5E-4D73-AB93-0BDA7392DC85}.Release|Any CPU.Build.0 = Release|Any CPU
		{A84A0111-3BE9-4D9A-B3CD-ADC39B5EB71C}.Debug|Any CPU.ActiveCfg = Debug|Any CPU
		{A84A0111-3BE9-4D9A-B3CD-ADC39B5EB71C}.Debug|Any CPU.Build.0 = Debug|Any CPU
		{A84A0111-3BE9-4D9A-B3CD-ADC39B5EB71C}.Release|Any CPU.ActiveCfg = Release|Any CPU
		{A84A0111-3BE9-4D9A-B3CD-ADC39B5EB71C}.Release|Any CPU.Build.0 = Release|Any CPU
		{3EC2A143-37F4-495A-B897-2EC09C447ECD}.Debug|Any CPU.ActiveCfg = Debug|Any CPU
		{3EC2A143-37F4-495A-B897-2EC09C447ECD}.Debug|Any CPU.Build.0 = Debug|Any CPU
		{3EC2A143-37F4-495A-B897-2EC09C447ECD}.Release|Any CPU.ActiveCfg = Release|Any CPU
		{3EC2A143-37F4-495A-B897-2EC09C447ECD}.Release|Any CPU.Build.0 = Release|Any CPU
	EndGlobalSection
	GlobalSection(SolutionProperties) = preSolution
		HideSolutionNode = FALSE
	EndGlobalSection
EndGlobal
